# THIS IS AN AUTOGENERATED FILE. DO NOT EDIT THIS FILE DIRECTLY.
# yarn lockfile v1


"@fastify/deepmerge@^3.2.1":
  version "3.2.1"
  resolved "https://registry.yarnpkg.com/@fastify/deepmerge/-/deepmerge-3.2.1.tgz#0fe56a4ee3eec874556006439f7bc7d616f10dc1"
  integrity sha512-N5Oqvltoa2r9z1tbx4xjky0oRR60v+T47Ic4J1ukoVQcptLOrIdRnCSdTGmOmajZuHVKlTnfcmrjyqsGEW1ztA==

"@floating-ui/core@^1.7.5":
  version "1.7.5"
  resolved "https://registry.yarnpkg.com/@floating-ui/core/-/core-1.7.5.tgz#d4af157a03330af5a60e69da7a4692507ada0622"
  integrity sha512-1Ih4WTWyw0+lKyFMcBHGbb5U5FtuHJuujoyyr5zTaWS5EYMeT6Jb2AuDeftsCsEuchO+mM2ij5+q9crhydzLhQ==
  dependencies:
    "@floating-ui/utils" "^0.2.11"

"@floating-ui/dom@^1.7.6":
  version "1.7.6"
  resolved "https://registry.yarnpkg.com/@floating-ui/dom/-/dom-1.7.6.tgz#f915bba5abbb177e1f227cacee1b4d0634b187bf"
  integrity sha512-9gZSAI5XM36880PPMm//9dfiEngYoC6Am2izES1FF406YFsjvyBMmeJ2g4SAju3xWwtuynNRFL2s9hgxpLI5SQ==
  dependencies:
    "@floating-ui/core" "^1.7.5"
    "@floating-ui/utils" "^0.2.11"

"@floating-ui/react-dom@^2.1.8":
  version "2.1.8"
  resolved "https://registry.yarnpkg.com/@floating-ui/react-dom/-/react-dom-2.1.8.tgz#5fb5a20d10aafb9505f38c24f38d00c8e1598893"
  integrity sha512-cC52bHwM/n/CxS87FH0yWdngEZrjdtLW/qVruo68qg+prK7ZQ4YGdut2GyDVpoGeAYe/h899rVeOVm6Oi40k2A==
  dependencies:
    "@floating-ui/dom" "^1.7.6"

"@floating-ui/utils@^0.2.11":
  version "0.2.11"
  resolved "https://registry.yarnpkg.com/@floating-ui/utils/-/utils-0.2.11.tgz#a269e055e40e2f45873bae9d1a2fdccbd314ea3f"
  integrity sha512-RiB/yIh78pcIxl6lLMG0CgBXAZ2Y0eVHqMPYugu+9U0AeT6YBeiJpf7lbdJNIugFP5SIjwNRgo4DhR1Qxi26Gg==

"@gilbarbara/deep-equal@^0.4.1":
  version "0.4.1"
  resolved "https://registry.yarnpkg.com/@gilbarbara/deep-equal/-/deep-equal-0.4.1.tgz#6c76dde516f0d823cfd0fa453bec53a0cf4e6eba"
  integrity sha512-QF2BGeQjsa59T59XvFdR3is5jrl28Eg0J6giXAC5919bcqvR8XP4B+07tpbs6Y6/IQd4FBncaL2WVXIBgSxt4w==

"@gilbarbara/hooks@^0.11.0":
  version "0.11.0"
  resolved "https://registry.yarnpkg.com/@gilbarbara/hooks/-/hooks-0.11.0.tgz#c96944bfe0f3cc8941a7a0948bd4de8ae4b11f82"
  integrity sha512-CIVazdxqFRplUfm9wZL3/0X1TURJekhPMWGFdWzEmyJrGPiotX2yxA1KiB8N7VnhawIaMtb2Apnda4Y6DRwi2Q==
  dependencies:
    "@gilbarbara/deep-equal" "^0.4.1"

"@gilbarbara/types@^0.2.2":
  version "0.2.2"
  resolved "https://registry.yarnpkg.com/@gilbarbara/types/-/types-0.2.2.tgz#397d66e5e4b1c44b65093b61e1e2bc0518b7d498"
  integrity sha512-QuQDBRRcm1Q8AbSac2W1YElurOhprj3Iko/o+P1fJxUWS4rOGKMVli98OXS7uo4z+cKAif6a+L9bcZFSyauQpQ==
  dependencies:
    type-fest "^4.1.0"

is-lite@^2.0.0:
  version "2.0.0"
  resolved "https://registry.yarnpkg.com/is-lite/-/is-lite-2.0.0.tgz#42a617f5c13492fec00cb044d444d6cf7b9f4d33"
  integrity sha512-70f2BMIQlbSUXVKaZUd9a9fJH3IH1PDckV0m4BIIO4LjnNYvOh4Ng7vXIXEwpA0KDZknRq+7fHwGTu0jIdx28g==

react-innertext@^1.1.5:
  version "1.1.5"
  resolved "https://registry.yarnpkg.com/react-innertext/-/react-innertext-1.1.5.tgz#8147ac54db3f7067d95f49e2d2c05a720d27d8d0"
  integrity sha512-PWAqdqhxhHIv80dT9znP2KvS+hfkbRovFp4zFYHFFlOoQLRiawIic81gKb3U1wEyJZgMwgs3JoLtwryASRWP3Q==

react-joyride@^3.0.0:
  version "3.0.0"
  resolved "https://registry.yarnpkg.com/react-joyride/-/react-joyride-3.0.0.tgz#f14dde0c623c721cb73a97f7b70adb8e70ea027b"
  integrity sha512-ut5kZEu0fZauOVW0JnX0s6Vcia/mAFxSLUIV7nu8025U47PktqN1fnLtMqE+IzgGac8F3id9IPd/U9APmWYvkA==
  dependencies:
    "@fastify/deepmerge" "^3.2.1"
    "@floating-ui/react-dom" "^2.1.8"
    "@gilbarbara/deep-equal" "^0.4.1"
    "@gilbarbara/hooks" "^0.11.0"
    "@gilbarbara/types" "^0.2.2"
    is-lite "^2.0.0"
    react-innertext "^1.1.5"
    scroll "^3.0.1"
    scrollparent "^2.1.0"
    use-sync-external-store "^1.6.0"

scroll@^3.0.1:
  version "3.0.1"
  resolved "https://registry.yarnpkg.com/scroll/-/scroll-3.0.1.tgz#d5afb59fb3592ee3df31c89743e78b39e4cd8a26"
  integrity sha512-pz7y517OVls1maEzlirKO5nPYle9AXsFzTMNJrRGmT951mzpIBy7sNHOg5o/0MQd/NqliCiWnAi0kZneMPFLcg==

scrollparent@^2.1.0:
  version "2.1.0"
  resolved "https://registry.yarnpkg.com/scrollparent/-/scrollparent-2.1.0.tgz#6cae915c953835886a6ba0d77fdc2bb1ed09076d"
  integrity sha512-bnnvJL28/Rtz/kz2+4wpBjHzWoEzXhVg/TE8BeVGJHUqE8THNIRnDxDWMktwM+qahvlRdvlLdsQfYe+cuqfZeA==

type-fest@^4.1.0:
  version "4.41.0"
  resolved "https://registry.yarnpkg.com/type-fest/-/type-fest-4.41.0.tgz#6ae1c8e5731273c2bf1f58ad39cbae2c91a46c58"
  integrity sha512-TeTSQ6H5YHvpqVwBRcnLDCBnDOHWYu7IvGbHT6N8AOymcr9PJGjc1GTtiWZTYg0NCgYwvnYWEkVChQAr9bjfwA==

use-sync-external-store@^1.6.0:
  version "1.6.0"
  resolved "https://registry.yarnpkg.com/use-sync-external-store/-/use-sync-external-store-1.6.0.tgz#b174bfa65cb2b526732d9f2ac0a408027876f32d"
  integrity sha512-Pp6GSwGP/NrPIrxVFAIkOQeyw8lFenOHijQWkUTrDvrF4ALqylP2C/KCkeS9dpUM3KvYRQhna5vt7IL95+ZQ9w==
